
Microsoft Visual Studio Solution File, Format Version 12.00
# Visual Studio Version 17
VisualStudioVersion = 17.4.33122.133
MinimumVisualStudioVersion = 10.0.40219.1
Project("{FAE04EC0-301F-11D3-BF4B-00C04F79EFBC}") = "Coffe_Shop_Menger", "Coffe_Shop_Menger\Coffe_Shop_Menger.csproj", "{C74974F0-AD27-4720-B81F-C9BFD33CF2F1}"
EndProject
Global
	GlobalSection(SolutionConfigurationPlatforms) = preSolution
		Debug|Any CPU = Debug|Any CPU
		Release|Any CPU = Release|Any CPU
	EndGlobalSection
	GlobalSection(ProjectConfigurationPlatforms) = postSolution
		{C74974F0-AD27-4720-B81F-C9BFD33CF2F1}.Debug|Any CPU.ActiveCfg = Debug|Any CPU
		{C74974F0-AD27-4720-B81F-C9BFD33CF2F1}.Debug|Any CPU.Build.0 = Debug|Any CPU
		{C74974F0-AD27-4720-B81F-C9BFD33CF2F1}.Release|Any CPU.ActiveCfg = Release|Any CPU
		{C74974F0-AD27-4720-B81F-C9BFD33CF2F1}.Release|Any CPU.Build.0 = Release|Any CPU
	EndGlobalSection
	GlobalSection(SolutionProperties) = preSolution
		HideSolutionNode = FALSE
	EndGlobalSection
	GlobalSection(ExtensibilityGlobals) = postSolution
		SolutionGuid = {D9B41DB1-7736-497E-9612-403240F4F792}
	EndGlobalSection
EndGlobal
